
Microsoft Visual Studio Solution File, Format Version 12.00
# Visual Studio Version 17
VisualStudioVersion = 17.2.32516.85
MinimumVisualStudioVersion = 10.0.40219.1
Project("{FAE04EC0-301F-11D3-BF4B-00C04F79EFBC}") = "StackQueues", "StackQueues\StackQueues.csproj", "{C9D844DB-7C8C-4113-B8FB-DE52881D61DF}"
EndProject
Global
	GlobalSection(SolutionConfigurationPlatforms) = preSolution
		Debug|Any CPU = Debug|Any CPU
		Release|Any CPU = Release|Any CPU
	EndGlobalSection
	GlobalSection(ProjectConfigurationPlatforms) = postSolution
		{C9D844DB-7C8C-4113-B8FB-DE52881D61DF}.Debug|Any CPU.ActiveCfg = Debug|Any CPU
		{C9D844DB-7C8C-4113-B8FB-DE52881D61DF}.Debug|Any CPU.Build.0 = Debug|Any CPU
		{C9D844DB-7C8C-4113-B8FB-DE52881D61DF}.Release|Any CPU.ActiveCfg = Release|Any CPU
		{C9D844DB-7C8C-4113-B8FB-DE52881D61DF}.Release|Any CPU.Build.0 = Release|Any CPU
	EndGlobalSection
	GlobalSection(SolutionProperties) = preSolution
		HideSolutionNode = FALSE
	EndGlobalSection
	GlobalSection(ExtensibilityGlobals) = postSolution
		SolutionGuid = {B0CC1082-BCF0-4C9C-8F60-17360BC460C3}
	EndGlobalSection
EndGlobal
